// !$*UTF8*$!
{
	archiveVersion = 1;
	classes = {
	};
	objectVersion = 46;
	objects = {

/* Begin PBXBuildFile section */
		16FCEAB7188FCB2500367D3F /* Foundation.framework in Frameworks */ = {isa = PBXBuildFile; fileRef = 16FCEAB6188FCB2500367D3F /* Foundation.framework */; };
		16FCEAB9188FCB2500367D3F /* CoreGraphics.framework in Frameworks */ = {isa = PBXBuildFile; fileRef = 16FCEAB8188FCB2500367D3F /* CoreGraphics.framework */; };
		16FCEABB188FCB2500367D3F /* UIKit.framework in Frameworks */ = {isa = PBXBuildFile; fileRef = 16FCEABA188FCB2500367D3F /* UIKit.framework */; };
		16FCEAC1188FCB2500367D3F /* InfoPlist.strings in Resources */ = {isa = PBXBuildFile; fileRef = 16FCEABF188FCB2500367D3F /* InfoPlist.strings */; };
		16FCEAC3188FCB2500367D3F /* main.m in Sources */ = {isa = PBXBuildFile; fileRef = 16FCEAC2188FCB2500367D3F /* main.m */; };
		16FCEAC7188FCB2500367D3F /* AppDelegate.m in Sources */ = {isa = PBXBuildFile; fileRef = 16FCEAC6188FCB2500367D3F /* AppDelegate.m */; };
		16FCEACA188FCB2500367D3F /* Main.storyboard in Resources */ = {isa = PBXBuildFile; fileRef = 16FCEAC8188FCB2500367D3F /* Main.storyboard */; };
		16FCEACF188FCB2500367D3F /* Images.xcassets in Resources */ = {isa = PBXBuildFile; fileRef = 16FCEACE188FCB2500367D3F /* Images.xcassets */; };
		16FCEAD6188FCB2500367D3F /* XCTest.framework in Frameworks */ = {isa = PBXBuildFile; fileRef = 16FCEAD5188FCB2500367D3F /* XCTest.framework */; };
		16FCEAD7188FCB2500367D3F /* Foundation.framework in Frameworks */ = {isa = PBXBuildFile; fileRef = 16FCEAB6188FCB2500367D3F /* Foundation.framework */; };
		16FCEAD8188FCB2500367D3F /* UIKit.framework in Frameworks */ = {isa = PBXBuildFile; fileRef = 16FCEABA188FCB2500367D3F /* UIKit.framework */; };
		16FCEAE0188FCB2500367D3F /* InfoPlist.strings in Resources */ = {isa = PBXBuildFile; fileRef = 16FCEADE188FCB2500367D3F /* InfoPlist.strings */; };
		16FCEAE2188FCB2500367D3F /* NavigationDrawlerTests.m in Sources */ = {isa = PBXBuildFile; fileRef = 16FCEAE1188FCB2500367D3F /* NavigationDrawlerTests.m */; };
		16FCEAED188FCC1600367D3F /* SlideOverViewController.m in Sources */ = {isa = PBXBuildFile; fileRef = 16FCEAEC188FCC1600367D3F /* SlideOverViewController.m */; };
		16FCEAF0188FCC3C00367D3F /* MainViewController.m in Sources */ = {isa = PBXBuildFile; fileRef = 16FCEAEF188FCC3C00367D3F /* MainViewController.m */; };
/* End PBXBuildFile section */

/* Begin PBXContainerItemProxy section */
		16FCEAD9188FCB2500367D3F /* PBXContainerItemProxy */ = {
			isa = PBXContainerItemProxy;
			containerPortal = 16FCEAAB188FCB2500367D3F /* Project object */;
			proxyType = 1;
			remoteGlobalIDString = 16FCEAB2188FCB2500367D3F;
			remoteInfo = NavigationDrawler;
		};
/* End PBXContainerItemProxy section */

/* Begin PBXFileReference section */
		16FCEAB3188FCB2500367D3F /* NavigationDrawler.app */ = {isa = PBXFileReference; explicitFileType = wrapper.application; includeInIndex = 0; path = NavigationDrawler.app; sourceTree = BUILT_PRODUCTS_DIR; };
		16FCEAB6188FCB2500367D3F /* Foundation.framework */ = {isa = PBXFileReference; lastKnownFileType = wrapper.framework; name = Foundation.framework; path = System/Library/Frameworks/Foundation.framework; sourceTree = SDKROOT; };
		16FCEAB8188FCB2500367D3F /* CoreGraphics.framework */ = {isa = PBXFileReference; lastKnownFileType = wrapper.framework; name = CoreGraphics.framework; path = System/Library/Frameworks/CoreGraphics.framework; sourceTree = SDKROOT; };
		16FCEABA188FCB2500367D3F /* UIKit.framework */ = {isa = PBXFileReference; lastKnownFileType = wrapper.framework; name = UIKit.framework; path = System/Library/Frameworks/UIKit.framework; sourceTree = SDKROOT; };
		16FCEABE188FCB2500367D3F /* NavigationDrawler-Info.plist */ = {isa = PBXFileReference; lastKnownFileType = text.plist.xml; path = "NavigationDrawler-Info.plist"; sourceTree = "<group>"; };
		16FCEAC0188FCB2500367D3F /* en */ = {isa = PBXFileReference; lastKnownFileType = text.plist.strings; name = en; path = en.lproj/InfoPlist.strings; sourceTree = "<group>"; };
		16FCEAC2188FCB2500367D3F /* main.m */ = {isa = PBXFileReference; lastKnownFileType = sourcecode.c.objc; path = main.m; sourceTree = "<group>"; };
		16FCEAC4188FCB2500367D3F /* NavigationDrawler-Prefix.pch */ = {isa = PBXFileReference; lastKnownFileType = sourcecode.c.h; path = "NavigationDrawler-Prefix.pch"; sourceTree = "<group>"; };
		16FCEAC5188FCB2500367D3F /* AppDelegate.h */ = {isa = PBXFileReference; lastKnownFileType = sourcecode.c.h; path = AppDelegate.h; sourceTree = "<group>"; };
		16FCEAC6188FCB2500367D3F /* AppDelegate.m */ = {isa = PBXFileReference; lastKnownFileType = sourcecode.c.objc; path = AppDelegate.m; sourceTree = "<group>"; };
		16FCEAC9188FCB2500367D3F /* Base */ = {isa = PBXFileReference; lastKnownFileType = file.storyboard; name = Base; path = Base.lproj/Main.storyboard; sourceTree = "<group>"; };
		16FCEACE188FCB2500367D3F /* Images.xcassets */ = {isa = PBXFileReference; lastKnownFileType = folder.assetcatalog; path = Images.xcassets; sourceTree = "<group>"; };
		16FCEAD4188FCB2500367D3F /* NavigationDrawlerTests.xctest */ = {isa = PBXFileReference; explicitFileType = wrapper.cfbundle; includeInIndex = 0; path = NavigationDrawlerTests.xctest; sourceTree = BUILT_PRODUCTS_DIR; };
		16FCEAD5188FCB2500367D3F /* XCTest.framework */ = {isa = PBXFileReference; lastKnownFileType = wrapper.framework; name = XCTest.framework; path = Library/Frameworks/XCTest.framework; sourceTree = DEVELOPER_DIR; };
		16FCEADD188FCB2500367D3F /* NavigationDrawlerTests-Info.plist */ = {isa = PBXFileReference; lastKnownFileType = text.plist.xml; path = "NavigationDrawlerTests-Info.plist"; sourceTree = "<group>"; };
		16FCEADF188FCB2500367D3F /* en */ = {isa = PBXFileReference; lastKnownFileType = text.plist.strings; name = en; path = en.lproj/InfoPlist.strings; sourceTree = "<group>"; };
		16FCEAE1188FCB2500367D3F /* NavigationDrawlerTests.m */ = {isa = PBXFileReference; lastKnownFileType = sourcecode.c.objc; path = NavigationDrawlerTests.m; sourceTree = "<group>"; };
		16FCEAEB188FCC1600367D3F /* SlideOverViewController.h */ = {isa = PBXFileReference; fileEncoding = 4; lastKnownFileType = sourcecode.c.h; path = SlideOverViewController.h; sourceTree = "<group>"; };
		16FCEAEC188FCC1600367D3F /* SlideOverViewController.m */ = {isa = PBXFileReference; fileEncoding = 4; lastKnownFileType = sourcecode.c.objc; path = SlideOverViewController.m; sourceTree = "<group>"; };
		16FCEAEE188FCC3C00367D3F /* MainViewController.h */ = {isa = PBXFileReference; fileEncoding = 4; lastKnownFileType = sourcecode.c.h; path = MainViewController.h; sourceTree = "<group>"; };
		16FCEAEF188FCC3C00367D3F /* MainViewController.m */ = {isa = PBXFileReference; fileEncoding = 4; lastKnownFileType = sourcecode.c.objc; path = MainViewController.m; sourceTree = "<group>"; };
/* End PBXFileReference section */

/* Begin PBXFrameworksBuildPhase section */
		16FCEAB0188FCB2500367D3F /* Frameworks */ = {
			isa = PBXFrameworksBuildPhase;
			buildActionMask = 2147483647;
			files = (
				16FCEAB9188FCB2500367D3F /* CoreGraphics.framework in Frameworks */,
				16FCEABB188FCB2500367D3F /* UIKit.framework in Frameworks */,
				16FCEAB7188FCB2500367D3F /* Foundation.framework in Frameworks */,
			);
			runOnlyForDeploymentPostprocessing = 0;
		};
		16FCEAD1188FCB2500367D3F /* Frameworks */ = {
			isa = PBXFrameworksBuildPhase;
			buildActionMask = 2147483647;
			files = (
				16FCEAD6188FCB2500367D3F /* XCTest.framework in Frameworks */,
				16FCEAD8188FCB2500367D3F /* UIKit.framework in Frameworks */,
				16FCEAD7188FCB2500367D3F /* Foundation.framework in Frameworks */,
			);
			runOnlyForDeploymentPostprocessing = 0;
		};
/* End PBXFrameworksBuildPhase section */

/* Begin PBXGroup section */
		16FCEAAA188FCB2500367D3F = {
			isa = PBXGroup;
			children = (
				16FCEABC188FCB2500367D3F /* NavigationDrawler */,
				16FCEADB188FCB2500367D3F /* NavigationDrawlerTests */,
				16FCEAB5188FCB2500367D3F /* Frameworks */,
				16FCEAB4188FCB2500367D3F /* Products */,
			);
			sourceTree = "<group>";
		};
		16FCEAB4188FCB2500367D3F /* Products */ = {
			isa = PBXGroup;
			children = (
				16FCEAB3188FCB2500367D3F /* NavigationDrawler.app */,
				16FCEAD4188FCB2500367D3F /* NavigationDrawlerTests.xctest */,
			);
			name = Products;
			sourceTree = "<group>";
		};
		16FCEAB5188FCB2500367D3F /* Frameworks */ = {
			isa = PBXGroup;
			children = (
				16FCEAB6188FCB2500367D3F /* Foundation.framework */,
				16FCEAB8188FCB2500367D3F /* CoreGraphics.framework */,
				16FCEABA188FCB2500367D3F /* UIKit.framework */,
				16FCEAD5188FCB2500367D3F /* XCTest.framework */,
			);
			name = Frameworks;
			sourceTree = "<group>";
		};
		16FCEABC188FCB2500367D3F /* NavigationDrawler */ = {
			isa = PBXGroup;
			children = (
				16FCEAC5188FCB2500367D3F /* AppDelegate.h */,
				16FCEAC6188FCB2500367D3F /* AppDelegate.m */,
				16FCEAC8188FCB2500367D3F /* Main.storyboard */,
				16FCEACE188FCB2500367D3F /* Images.xcassets */,
				16FCEABD188FCB2500367D3F /* Supporting Files */,
				16FCEAEB188FCC1600367D3F /* SlideOverViewController.h */,
				16FCEAEC188FCC1600367D3F /* SlideOverViewController.m */,
				16FCEAEE188FCC3C00367D3F /* MainViewController.h */,
				16FCEAEF188FCC3C00367D3F /* MainViewController.m */,
			);
			path = NavigationDrawler;
			sourceTree = "<group>";
		};
		16FCEABD188FCB2500367D3F /* Supporting Files */ = {
			isa = PBXGroup;
			children = (
				16FCEABE188FCB2500367D3F /* NavigationDrawler-Info.plist */,
				16FCEABF188FCB2500367D3F /* InfoPlist.strings */,
				16FCEAC2188FCB2500367D3F /* main.m */,
				16FCEAC4188FCB2500367D3F /* NavigationDrawler-Prefix.pch */,
			);
			name = "Supporting Files";
			sourceTree = "<group>";
		};
		16FCEADB188FCB2500367D3F /* NavigationDrawlerTests */ = {
			isa = PBXGroup;
			children = (
				16FCEAE1188FCB2500367D3F /* NavigationDrawlerTests.m */,
				16FCEADC188FCB2500367D3F /* Supporting Files */,
			);
			path = NavigationDrawlerTests;
			sourceTree = "<group>";
		};
		16FCEADC188FCB2500367D3F /* Supporting Files */ = {
			isa = PBXGroup;
			children = (
				16FCEADD188FCB2500367D3F /* NavigationDrawlerTests-Info.plist */,
				16FCEADE188FCB2500367D3F /* InfoPlist.strings */,
			);
			name = "Supporting Files";
			sourceTree = "<group>";
		};
/* End PBXGroup section */

/* Begin PBXNativeTarget section */
		16FCEAB2188FCB2500367D3F /* NavigationDrawler */ = {
			isa = PBXNativeTarget;
			buildConfigurationList = 16FCEAE5188FCB2500367D3F /* Build configuration list for PBXNativeTarget "NavigationDrawler" */;
			buildPhases = (
				16FCEAAF188FCB2500367D3F /* Sources */,
				16FCEAB0188FCB2500367D3F /* Frameworks */,
				16FCEAB1188FCB2500367D3F /* Resources */,
			);
			buildRules = (
			);
			dependencies = (
			);
			name = NavigationDrawler;
			productName = NavigationDrawler;
			productReference = 16FCEAB3188FCB2500367D3F /* NavigationDrawler.app */;
			productType = "com.apple.product-type.application";
		};
		16FCEAD3188FCB2500367D3F /* NavigationDrawlerTests */ = {
			isa = PBXNativeTarget;
			buildConfigurationList = 16FCEAE8188FCB2500367D3F /* Build configuration list for PBXNativeTarget "NavigationDrawlerTests" */;
			buildPhases = (
				16FCEAD0188FCB2500367D3F /* Sources */,
				16FCEAD1188FCB2500367D3F /* Frameworks */,
				16FCEAD2188FCB2500367D3F /* Resources */,
			);
			buildRules = (
			);
			dependencies = (
				16FCEADA188FCB2500367D3F /* PBXTargetDependency */,
			);
			name = NavigationDrawlerTests;
			productName = NavigationDrawlerTests;
			productReference = 16FCEAD4188FCB2500367D3F /* NavigationDrawlerTests.xctest */;
			productType = "com.apple.product-type.bundle.unit-test";
		};
/* End PBXNativeTarget section */

/* Begin PBXProject section */
		16FCEAAB188FCB2500367D3F /* Project object */ = {
			isa = PBXProject;
			attributes = {
				LastUpgradeCheck = 0500;
				ORGANIZATIONNAME = MarsSoft;
				TargetAttributes = {
					16FCEAD3188FCB2500367D3F = {
						TestTargetID = 16FCEAB2188FCB2500367D3F;
					};
				};
			};
			buildConfigurationList = 16FCEAAE188FCB2500367D3F /* Build configuration list for PBXProject "NavigationDrawler" */;
			compatibilityVersion = "Xcode 3.2";
			developmentRegion = English;
			hasScannedForEncodings = 0;
			knownRegions = (
				en,
				Base,
			);
			mainGroup = 16FCEAAA188FCB2500367D3F;
			productRefGroup = 16FCEAB4188FCB2500367D3F /* Products */;
			projectDirPath = "";
			projectRoot = "";
			targets = (
				16FCEAB2188FCB2500367D3F /* NavigationDrawler */,
				16FCEAD3188FCB2500367D3F /* NavigationDrawlerTests */,
			);
		};
/* End PBXProject section */

/* Begin PBXResourcesBuildPhase section */
		16FCEAB1188FCB2500367D3F /* Resources */ = {
			isa = PBXResourcesBuildPhase;
			buildActionMask = 2147483647;
			files = (
				16FCEACF188FCB2500367D3F /* Images.xcassets in Resources */,
				16FCEAC1188FCB2500367D3F /* InfoPlist.strings in Resources */,
				16FCEACA188FCB2500367D3F /* Main.storyboard in Resources */,
			);
			runOnlyForDeploymentPostprocessing = 0;
		};
		16FCEAD2188FCB2500367D3F /* Resources */ = {
			isa = PBXResourcesBuildPhase;
			buildActionMask = 2147483647;
			files = (
				16FCEAE0188FCB2500367D3F /* InfoPlist.strings in Resources */,
			);
			runOnlyForDeploymentPostprocessing = 0;
		};
/* End PBXResourcesBuildPhase section */

/* Begin PBXSourcesBuildPhase section */
		16FCEAAF188FCB2500367D3F /* Sources */ = {
			isa = PBXSourcesBuildPhase;
			buildActionMask = 2147483647;
			files = (
				16FCEAC7188FCB2500367D3F /* AppDelegate.m in Sources */,
				16FCEAED188FCC1600367D3F /* SlideOverViewController.m in Sources */,
				16FCEAC3188FCB2500367D3F /* main.m in Sources */,
				16FCEAF0188FCC3C00367D3F /* MainViewController.m in Sources */,
			);
			runOnlyForDeploymentPostprocessing = 0;
		};
		16FCEAD0188FCB2500367D3F /* Sources */ = {
			isa = PBXSourcesBuildPhase;
			buildActionMask = 2147483647;
			files = (
				16FCEAE2188FCB2500367D3F /* NavigationDrawlerTests.m in Sources */,
			);
			runOnlyForDeploymentPostprocessing = 0;
		};
/* End PBXSourcesBuildPhase section */

/* Begin PBXTargetDependency section */
		16FCEADA188FCB2500367D3F /* PBXTargetDependency */ = {
			isa = PBXTargetDependency;
			target = 16FCEAB2188FCB2500367D3F /* NavigationDrawler */;
			targetProxy = 16FCEAD9188FCB2500367D3F /* PBXContainerItemProxy */;
		};
/* End PBXTargetDependency section */

/* Begin PBXVariantGroup section */
		16FCEABF188FCB2500367D3F /* InfoPlist.strings */ = {
			isa = PBXVariantGroup;
			children = (
				16FCEAC0188FCB2500367D3F /* en */,
			);
			name = InfoPlist.strings;
			sourceTree = "<group>";
		};
		16FCEAC8188FCB2500367D3F /* Main.storyboard */ = {
			isa = PBXVariantGroup;
			children = (
				16FCEAC9188FCB2500367D3F /* Base */,
			);
			name = Main.storyboard;
			sourceTree = "<group>";
		};
		16FCEADE188FCB2500367D3F /* InfoPlist.strings */ = {
			isa = PBXVariantGroup;
			children = (
				16FCEADF188FCB2500367D3F /* en */,
			);
			name = InfoPlist.strings;
			sourceTree = "<group>";
		};
/* End PBXVariantGroup section */

/* Begin XCBuildConfiguration section */
		16FCEAE3188FCB2500367D3F /* Debug */ = {
			isa = XCBuildConfiguration;
			buildSettings = {
				ALWAYS_SEARCH_USER_PATHS = NO;
				ARCHS = "$(ARCHS_STANDARD_INCLUDING_64_BIT)";
				CLANG_CXX_LANGUAGE_STANDARD = "gnu++0x";
				CLANG_CXX_LIBRARY = "libc++";
				CLANG_ENABLE_MODULES = YES;
				CLANG_ENABLE_OBJC_ARC = YES;
				CLANG_WARN_BOOL_CONVERSION = YES;
				CLANG_WARN_CONSTANT_CONVERSION = YES;
				CLANG_WARN_DIRECT_OBJC_ISA_USAGE = YES_ERROR;
				CLANG_WARN_EMPTY_BODY = YES;
				CLANG_WARN_ENUM_CONVERSION = YES;
				CLANG_WARN_INT_CONVERSION = YES;
				CLANG_WARN_OBJC_ROOT_CLASS = YES_ERROR;
				CLANG_WARN__DUPLICATE_METHOD_MATCH = YES;
				"CODE_SIGN_IDENTITY[sdk=iphoneos*]" = "iPhone Developer";
				COPY_PHASE_STRIP = NO;
				GCC_C_LANGUAGE_STANDARD = gnu99;
				GCC_DYNAMIC_NO_PIC = NO;
				GCC_OPTIMIZATION_LEVEL = 0;
				GCC_PREPROCESSOR_DEFINITIONS = (
					"DEBUG=1",
					"$(inherited)",
				);
				GCC_SYMBOLS_PRIVATE_EXTERN = NO;
				GCC_WARN_64_TO_32_BIT_CONVERSION = YES;
				GCC_WARN_ABOUT_RETURN_TYPE = YES_ERROR;
				GCC_WARN_UNDECLARED_SELECTOR = YES;
				GCC_WARN_UNINITIALIZED_AUTOS = YES;
				GCC_WARN_UNUSED_FUNCTION = YES;
				GCC_WARN_UNUSED_VARIABLE = YES;
				IPHONEOS_DEPLOYMENT_TARGET = 7.0;
				ONLY_ACTIVE_ARCH = YES;
				SDKROOT = iphoneos;
			};
			name = Debug;
		};
		16FCEAE4188FCB2500367D3F /* Release */ = {
			isa = XCBuildConfiguration;
			buildSettings = {
				ALWAYS_SEARCH_USER_PATHS = NO;
				ARCHS = "$(ARCHS_STANDARD_INCLUDING_64_BIT)";
				CLANG_CXX_LANGUAGE_STANDARD = "gnu++0x";
				CLANG_CXX_LIBRARY = "libc++";
				CLANG_ENABLE_MODULES = YES;
				CLANG_ENABLE_OBJC_ARC = YES;
				CLANG_WARN_BOOL_CONVERSION = YES;
				CLANG_WARN_CONSTANT_CONVERSION = YES;
				CLANG_WARN_DIRECT_OBJC_ISA_USAGE = YES_ERROR;
				CLANG_WARN_EMPTY_BODY = YES;
				CLANG_WARN_ENUM_CONVERSION = YES;
				CLANG_WARN_INT_CONVERSION = YES;
				CLANG_WARN_OBJC_ROOT_CLASS = YES_ERROR;
				CLANG_WARN__DUPLICATE_METHOD_MATCH = YES;
				"CODE_SIGN_IDENTITY[sdk=iphoneos*]" = "iPhone Developer";
				COPY_PHASE_STRIP = YES;
				ENABLE_NS_ASSERTIONS = NO;
				GCC_C_LANGUAGE_STANDARD = gnu99;
				GCC_WARN_64_TO_32_BIT_CONVERSION = YES;
				GCC_WARN_ABOUT_RETURN_TYPE = YES_ERROR;
				GCC_WARN_UNDECLARED_SELECTOR = YES;
				GCC_WARN_UNINITIALIZED_AUTOS = YES;
				GCC_WARN_UNUSED_FUNCTION = YES;
				GCC_WARN_UNUSED_VARIABLE = YES;
				IPHONEOS_DEPLOYMENT_TARGET = 7.0;
				SDKROOT = iphoneos;
				VALIDATE_PRODUCT = YES;
			};
			name = Release;
		};
		16FCEAE6188FCB2500367D3F /* Debug */ = {
			isa = XCBuildConfiguration;
			buildSettings = {
				ASSETCATALOG_COMPILER_APPICON_NAME = AppIcon;
				ASSETCATALOG_COMPILER_LAUNCHIMAGE_NAME = LaunchImage;
				CODE_SIGN_IDENTITY = "iPhone Developer";
				GCC_PRECOMPILE_PREFIX_HEADER = YES;
				GCC_PREFIX_HEADER = "NavigationDrawler/NavigationDrawler-Prefix.pch";
				INFOPLIST_FILE = "NavigationDrawler/NavigationDrawler-Info.plist";
				IPHONEOS_DEPLOYMENT_TARGET = 6.0;
				PRODUCT_NAME = "$(TARGET_NAME)";
				WRAPPER_EXTENSION = app;
			};
			name = Debug;
		};
		16FCEAE7188FCB2500367D3F /* Release */ = {
			isa = XCBuildConfiguration;
			buildSettings = {
				ASSETCATALOG_COMPILER_APPICON_NAME = AppIcon;
				ASSETCATALOG_COMPILER_LAUNCHIMAGE_NAME = LaunchImage;
				CODE_SIGN_IDENTITY = "iPhone Developer";
				GCC_PRECOMPILE_PREFIX_HEADER = YES;
				GCC_PREFIX_HEADER = "NavigationDrawler/NavigationDrawler-Prefix.pch";
				INFOPLIST_FILE = "NavigationDrawler/NavigationDrawler-Info.plist";
				IPHONEOS_DEPLOYMENT_TARGET = 6.0;
				PRODUCT_NAME = "$(TARGET_NAME)";
				WRAPPER_EXTENSION = app;
			};
			name = Release;
		};
		16FCEAE9188FCB2500367D3F /* Debug */ = {
			isa = XCBuildConfiguration;
			buildSettings = {
				ARCHS = "$(ARCHS_STANDARD_INCLUDING_64_BIT)";
				BUNDLE_LOADER = "$(BUILT_PRODUCTS_DIR)/NavigationDrawler.app/NavigationDrawler";
				FRAMEWORK_SEARCH_PATHS = (
					"$(SDKROOT)/Developer/Library/Frameworks",
					"$(inherited)",
					"$(DEVELOPER_FRAMEWORKS_DIR)",
				);
				GCC_PRECOMPILE_PREFIX_HEADER = YES;
				GCC_PREFIX_HEADER = "NavigationDrawler/NavigationDrawler-Prefix.pch";
				GCC_PREPROCESSOR_DEFINITIONS = (
					"DEBUG=1",
					"$(inherited)",
				);
				INFOPLIST_FILE = "NavigationDrawlerTests/NavigationDrawlerTests-Info.plist";
				PRODUCT_NAME = "$(TARGET_NAME)";
				TEST_HOST = "$(BUNDLE_LOADER)";
				WRAPPER_EXTENSION = xctest;
			};
			name = Debug;
		};
		16FCEAEA188FCB2500367D3F /* Release */ = {
			isa = XCBuildConfiguration;
			buildSettings = {
				ARCHS = "$(ARCHS_STANDARD_INCLUDING_64_BIT)";
				BUNDLE_LOADER = "$(BUILT_PRODUCTS_DIR)/NavigationDrawler.app/NavigationDrawler";
				FRAMEWORK_SEARCH_PATHS = (
					"$(SDKROOT)/Developer/Library/Frameworks",
					"$(inherited)",
					"$(DEVELOPER_FRAMEWORKS_DIR)",
				);
				GCC_PRECOMPILE_PREFIX_HEADER = YES;
				GCC_PREFIX_HEADER = "NavigationDrawler/NavigationDrawler-Prefix.pch";
				INFOPLIST_FILE = "NavigationDrawlerTests/NavigationDrawlerTests-Info.plist";
				PRODUCT_NAME = "$(TARGET_NAME)";
				TEST_HOST = "$(BUNDLE_LOADER)";
				WRAPPER_EXTENSION = xctest;
			};
			name = Release;
		};
/* End XCBuildConfiguration section */

/* Begin XCConfigurationList section */
		16FCEAAE188FCB2500367D3F /* Build configuration list for PBXProject "NavigationDrawler" */ = {
			isa = XCConfigurationList;
			buildConfigurations = (
				16FCEAE3188FCB2500367D3F /* Debug */,
				16FCEAE4188FCB2500367D3F /* Release */,
			);
			defaultConfigurationIsVisible = 0;
			defaultConfigurationName = Release;
		};
		16FCEAE5188FCB2500367D3F /* Build configuration list for PBXNativeTarget "NavigationDrawler" */ = {
			isa = XCConfigurationList;
			buildConfigurations = (
				16FCEAE6188FCB2500367D3F /* Debug */,
				16FCEAE7188FCB2500367D3F /* Release */,
			);
			defaultConfigurationIsVisible = 0;
			defaultConfigurationName = Release;
		};
		16FCEAE8188FCB2500367D3F /* Build configuration list for PBXNativeTarget "NavigationDrawlerTests" */ = {
			isa = XCConfigurationList;
			buildConfigurations = (
				16FCEAE9188FCB2500367D3F /* Debug */,
				16FCEAEA188FCB2500367D3F /* Release */,
			);
			defaultConfigurationIsVisible = 0;
			defaultConfigurationName = Release;
		};
/* End XCConfigurationList section */
	};
	rootObject = 16FCEAAB188FCB2500367D3F /* Project object */;
}
